# This file is automatically @generated by Cargo.
# It is not intended for manual editing.
version = 3

[[package]]
name = "topic01_basics"
version = "0.1.0"

[[package]]
name = "topic02_slices"
version = "0.1.0"

[[package]]
name = "topic03_ownership"
version = "0.1.0"

[[package]]
name = "topic04_lifetimes"
version = "0.1.0"

[[package]]
name = "topic05_traits_dyn_drop"
version = "0.1.0"

[[package]]
name = "topic06_closures_errors"
version = "0.1.0"

[[package]]
name = "topic07_smart_pointers"
version = "0.1.0"

[[package]]
name = "topic08_modules"
version = "0.1.0"
